// !$*UTF8*$!
{
	archiveVersion = 1;
	classes = {
	};
	objectVersion = 50;
	objects = {

/* Begin PBXBuildFile section */
		691DD12325A3A73200BAA393 /* VideoModel.swift in Sources */ = {isa = PBXBuildFile; fileRef = 691DD12225A3A73200BAA393 /* VideoModel.swift */; };
		691DD12625A3A79B00BAA393 /* VideoListItemView.swift in Sources */ = {isa = PBXBuildFile; fileRef = 691DD12525A3A79B00BAA393 /* VideoListItemView.swift */; };
		69202D6725974FF4006595EA /* AfricaApp.swift in Sources */ = {isa = PBXBuildFile; fileRef = 69202D6625974FF4006595EA /* AfricaApp.swift */; };
		69202D6925974FF4006595EA /* ContentView.swift in Sources */ = {isa = PBXBuildFile; fileRef = 69202D6825974FF4006595EA /* ContentView.swift */; };
		69202D6B25974FFB006595EA /* Assets.xcassets in Resources */ = {isa = PBXBuildFile; fileRef = 69202D6A25974FFB006595EA /* Assets.xcassets */; };
		69202D6E25974FFB006595EA /* Preview Assets.xcassets in Resources */ = {isa = PBXBuildFile; fileRef = 69202D6D25974FFB006595EA /* Preview Assets.xcassets */; };
		69202D82259752B0006595EA /* lioness.mp4 in Resources */ = {isa = PBXBuildFile; fileRef = 69202D78259752AC006595EA /* lioness.mp4 */; };
		69202D83259752B0006595EA /* zebra.mp4 in Resources */ = {isa = PBXBuildFile; fileRef = 69202D79259752AD006595EA /* zebra.mp4 */; };
		69202D84259752B0006595EA /* giraffe.mp4 in Resources */ = {isa = PBXBuildFile; fileRef = 69202D7A259752AD006595EA /* giraffe.mp4 */; };
		69202D85259752B0006595EA /* gorilla.mp4 in Resources */ = {isa = PBXBuildFile; fileRef = 69202D7B259752AE006595EA /* gorilla.mp4 */; };
		69202D86259752B0006595EA /* ostrich.mp4 in Resources */ = {isa = PBXBuildFile; fileRef = 69202D7C259752AE006595EA /* ostrich.mp4 */; };
		69202D87259752B0006595EA /* elephant.mp4 in Resources */ = {isa = PBXBuildFile; fileRef = 69202D7D259752AF006595EA /* elephant.mp4 */; };
		69202D88259752B0006595EA /* lion.mp4 in Resources */ = {isa = PBXBuildFile; fileRef = 69202D7E259752AF006595EA /* lion.mp4 */; };
		69202D89259752B0006595EA /* hippo.mp4 in Resources */ = {isa = PBXBuildFile; fileRef = 69202D7F259752AF006595EA /* hippo.mp4 */; };
		69202D8A259752B0006595EA /* rhino.mp4 in Resources */ = {isa = PBXBuildFile; fileRef = 69202D80259752B0006595EA /* rhino.mp4 */; };
		69202D8B259752B0006595EA /* cheetah.mp4 in Resources */ = {isa = PBXBuildFile; fileRef = 69202D81259752B0006595EA /* cheetah.mp4 */; };
		69202D92259752DE006595EA /* videos.json in Resources */ = {isa = PBXBuildFile; fileRef = 69202D8E259752DD006595EA /* videos.json */; };
		69202D93259752DE006595EA /* covers.json in Resources */ = {isa = PBXBuildFile; fileRef = 69202D8F259752DE006595EA /* covers.json */; };
		69202D94259752DE006595EA /* locations.json in Resources */ = {isa = PBXBuildFile; fileRef = 69202D90259752DE006595EA /* locations.json */; };
		69202D95259752DE006595EA /* animals.json in Resources */ = {isa = PBXBuildFile; fileRef = 69202D91259752DE006595EA /* animals.json */; };
		69202D9D2597553A006595EA /* VideoListView.swift in Sources */ = {isa = PBXBuildFile; fileRef = 69202D9C2597553A006595EA /* VideoListView.swift */; };
		69202DA325975561006595EA /* GallaryView.swift in Sources */ = {isa = PBXBuildFile; fileRef = 69202DA225975561006595EA /* GallaryView.swift */; };
		69202DAA25975597006595EA /* MainView.swift in Sources */ = {isa = PBXBuildFile; fileRef = 69202DA925975597006595EA /* MainView.swift */; };
		69202DAE2597572C006595EA /* MapView.swift in Sources */ = {isa = PBXBuildFile; fileRef = 69202DAD2597572C006595EA /* MapView.swift */; };
		69202DB225978441006595EA /* CoverImageView.swift in Sources */ = {isa = PBXBuildFile; fileRef = 69202DB125978441006595EA /* CoverImageView.swift */; };
		69202DB72597869B006595EA /* CoverImageModel.swift in Sources */ = {isa = PBXBuildFile; fileRef = 69202DB62597869B006595EA /* CoverImageModel.swift */; };
		69202DBD25978CB0006595EA /* CodableBundleExtension.swift in Sources */ = {isa = PBXBuildFile; fileRef = 69202DBC25978CB0006595EA /* CodableBundleExtension.swift */; };
		694E70C62598DC440035EBFF /* AnimalListItemView.swift in Sources */ = {isa = PBXBuildFile; fileRef = 694E70C52598DC440035EBFF /* AnimalListItemView.swift */; };
		694E70C92598DE870035EBFF /* AnimalModel.swift in Sources */ = {isa = PBXBuildFile; fileRef = 694E70C82598DE870035EBFF /* AnimalModel.swift */; };
		694E70CC2598E4AE0035EBFF /* AnimalDetailView.swift in Sources */ = {isa = PBXBuildFile; fileRef = 694E70CB2598E4AE0035EBFF /* AnimalDetailView.swift */; };
		694E70CF2598E75A0035EBFF /* HeadingView.swift in Sources */ = {isa = PBXBuildFile; fileRef = 694E70CE2598E75A0035EBFF /* HeadingView.swift */; };
		694E70D22598E8C00035EBFF /* InsetGalleryView.swift in Sources */ = {isa = PBXBuildFile; fileRef = 694E70D12598E8C00035EBFF /* InsetGalleryView.swift */; };
		694E70DA2598EEEA0035EBFF /* InsetFactView.swift in Sources */ = {isa = PBXBuildFile; fileRef = 694E70D92598EEEA0035EBFF /* InsetFactView.swift */; };
		694E70DD2598F0910035EBFF /* InsetMapView.swift in Sources */ = {isa = PBXBuildFile; fileRef = 694E70DC2598F0910035EBFF /* InsetMapView.swift */; };
		694E70E02598F3860035EBFF /* ExternalWeblinkView.swift in Sources */ = {isa = PBXBuildFile; fileRef = 694E70DF2598F3860035EBFF /* ExternalWeblinkView.swift */; };
/* End PBXBuildFile section */

/* Begin PBXFileReference section */
		691DD12225A3A73200BAA393 /* VideoModel.swift */ = {isa = PBXFileReference; lastKnownFileType = sourcecode.swift; path = VideoModel.swift; sourceTree = "<group>"; };
		691DD12525A3A79B00BAA393 /* VideoListItemView.swift */ = {isa = PBXFileReference; lastKnownFileType = sourcecode.swift; path = VideoListItemView.swift; sourceTree = "<group>"; };
		69202D6325974FF4006595EA /* Africa.app */ = {isa = PBXFileReference; explicitFileType = wrapper.application; includeInIndex = 0; path = Africa.app; sourceTree = BUILT_PRODUCTS_DIR; };
		69202D6625974FF4006595EA /* AfricaApp.swift */ = {isa = PBXFileReference; lastKnownFileType = sourcecode.swift; path = AfricaApp.swift; sourceTree = "<group>"; };
		69202D6825974FF4006595EA /* ContentView.swift */ = {isa = PBXFileReference; lastKnownFileType = sourcecode.swift; path = ContentView.swift; sourceTree = "<group>"; };
		69202D6A25974FFB006595EA /* Assets.xcassets */ = {isa = PBXFileReference; lastKnownFileType = folder.assetcatalog; path = Assets.xcassets; sourceTree = "<group>"; };
		69202D6D25974FFB006595EA /* Preview Assets.xcassets */ = {isa = PBXFileReference; lastKnownFileType = folder.assetcatalog; path = "Preview Assets.xcassets"; sourceTree = "<group>"; };
		69202D6F25974FFB006595EA /* Info.plist */ = {isa = PBXFileReference; lastKnownFileType = text.plist.xml; path = Info.plist; sourceTree = "<group>"; };
		69202D78259752AC006595EA /* lioness.mp4 */ = {isa = PBXFileReference; lastKnownFileType = file; path = lioness.mp4; sourceTree = "<group>"; };
		69202D79259752AD006595EA /* zebra.mp4 */ = {isa = PBXFileReference; lastKnownFileType = file; path = zebra.mp4; sourceTree = "<group>"; };
		69202D7A259752AD006595EA /* giraffe.mp4 */ = {isa = PBXFileReference; lastKnownFileType = file; path = giraffe.mp4; sourceTree = "<group>"; };
		69202D7B259752AE006595EA /* gorilla.mp4 */ = {isa = PBXFileReference; lastKnownFileType = file; path = gorilla.mp4; sourceTree = "<group>"; };
		69202D7C259752AE006595EA /* ostrich.mp4 */ = {isa = PBXFileReference; lastKnownFileType = file; path = ostrich.mp4; sourceTree = "<group>"; };
		69202D7D259752AF006595EA /* elephant.mp4 */ = {isa = PBXFileReference; lastKnownFileType = file; path = elephant.mp4; sourceTree = "<group>"; };
		69202D7E259752AF006595EA /* lion.mp4 */ = {isa = PBXFileReference; lastKnownFileType = file; path = lion.mp4; sourceTree = "<group>"; };
		69202D7F259752AF006595EA /* hippo.mp4 */ = {isa = PBXFileReference; lastKnownFileType = file; path = hippo.mp4; sourceTree = "<group>"; };
		69202D80259752B0006595EA /* rhino.mp4 */ = {isa = PBXFileReference; lastKnownFileType = file; path = rhino.mp4; sourceTree = "<group>"; };
		69202D81259752B0006595EA /* cheetah.mp4 */ = {isa = PBXFileReference; lastKnownFileType = file; path = cheetah.mp4; sourceTree = "<group>"; };
		69202D8E259752DD006595EA /* videos.json */ = {isa = PBXFileReference; fileEncoding = 4; lastKnownFileType = text.json; path = videos.json; sourceTree = "<group>"; };
		69202D8F259752DE006595EA /* covers.json */ = {isa = PBXFileReference; fileEncoding = 4; lastKnownFileType = text.json; path = covers.json; sourceTree = "<group>"; };
		69202D90259752DE006595EA /* locations.json */ = {isa = PBXFileReference; fileEncoding = 4; lastKnownFileType = text.json; path = locations.json; sourceTree = "<group>"; };
		69202D91259752DE006595EA /* animals.json */ = {isa = PBXFileReference; fileEncoding = 4; lastKnownFileType = text.json; path = animals.json; sourceTree = "<group>"; };
		69202D9C2597553A006595EA /* VideoListView.swift */ = {isa = PBXFileReference; lastKnownFileType = sourcecode.swift; path = VideoListView.swift; sourceTree = "<group>"; };
		69202DA225975561006595EA /* GallaryView.swift */ = {isa = PBXFileReference; lastKnownFileType = sourcecode.swift; path = GallaryView.swift; sourceTree = "<group>"; };
		69202DA925975597006595EA /* MainView.swift */ = {isa = PBXFileReference; lastKnownFileType = sourcecode.swift; path = MainView.swift; sourceTree = "<group>"; };
		69202DAD2597572C006595EA /* MapView.swift */ = {isa = PBXFileReference; lastKnownFileType = sourcecode.swift; path = MapView.swift; sourceTree = "<group>"; };
		69202DB125978441006595EA /* CoverImageView.swift */ = {isa = PBXFileReference; lastKnownFileType = sourcecode.swift; path = CoverImageView.swift; sourceTree = "<group>"; };
		69202DB62597869B006595EA /* CoverImageModel.swift */ = {isa = PBXFileReference; lastKnownFileType = sourcecode.swift; path = CoverImageModel.swift; sourceTree = "<group>"; };
		69202DBC25978CB0006595EA /* CodableBundleExtension.swift */ = {isa = PBXFileReference; lastKnownFileType = sourcecode.swift; path = CodableBundleExtension.swift; sourceTree = "<group>"; };
		694E70C52598DC440035EBFF /* AnimalListItemView.swift */ = {isa = PBXFileReference; lastKnownFileType = sourcecode.swift; path = AnimalListItemView.swift; sourceTree = "<group>"; };
		694E70C82598DE870035EBFF /* AnimalModel.swift */ = {isa = PBXFileReference; lastKnownFileType = sourcecode.swift; path = AnimalModel.swift; sourceTree = "<group>"; };
		694E70CB2598E4AE0035EBFF /* AnimalDetailView.swift */ = {isa = PBXFileReference; lastKnownFileType = sourcecode.swift; path = AnimalDetailView.swift; sourceTree = "<group>"; };
		694E70CE2598E75A0035EBFF /* HeadingView.swift */ = {isa = PBXFileReference; lastKnownFileType = sourcecode.swift; path = HeadingView.swift; sourceTree = "<group>"; };
		694E70D12598E8C00035EBFF /* InsetGalleryView.swift */ = {isa = PBXFileReference; lastKnownFileType = sourcecode.swift; path = InsetGalleryView.swift; sourceTree = "<group>"; };
		694E70D92598EEEA0035EBFF /* InsetFactView.swift */ = {isa = PBXFileReference; lastKnownFileType = sourcecode.swift; path = InsetFactView.swift; sourceTree = "<group>"; };
		694E70DC2598F0910035EBFF /* InsetMapView.swift */ = {isa = PBXFileReference; lastKnownFileType = sourcecode.swift; path = InsetMapView.swift; sourceTree = "<group>"; };
		694E70DF2598F3860035EBFF /* ExternalWeblinkView.swift */ = {isa = PBXFileReference; lastKnownFileType = sourcecode.swift; path = ExternalWeblinkView.swift; sourceTree = "<group>"; };
/* End PBXFileReference section */

/* Begin PBXFrameworksBuildPhase section */
		69202D6025974FF4006595EA /* Frameworks */ = {
			isa = PBXFrameworksBuildPhase;
			buildActionMask = 2147483647;
			files = (
			);
			runOnlyForDeploymentPostprocessing = 0;
		};
/* End PBXFrameworksBuildPhase section */

/* Begin PBXGroup section */
		69202D5A25974FF4006595EA = {
			isa = PBXGroup;
			children = (
				69202D6525974FF4006595EA /* Africa */,
				69202D6425974FF4006595EA /* Products */,
			);
			sourceTree = "<group>";
		};
		69202D6425974FF4006595EA /* Products */ = {
			isa = PBXGroup;
			children = (
				69202D6325974FF4006595EA /* Africa.app */,
			);
			name = Products;
			sourceTree = "<group>";
		};
		69202D6525974FF4006595EA /* Africa */ = {
			isa = PBXGroup;
			children = (
				69202DBB25978C8B006595EA /* Extension */,
				69202DB52597867D006595EA /* Model */,
				69202DB025978431006595EA /* View */,
				69202D8D259752D1006595EA /* Data */,
				69202D762597527B006595EA /* Video */,
				69202D9A25975510006595EA /* App */,
				69202D6A25974FFB006595EA /* Assets.xcassets */,
				69202D6F25974FFB006595EA /* Info.plist */,
				69202D6C25974FFB006595EA /* Preview Content */,
			);
			path = Africa;
			sourceTree = "<group>";
		};
		69202D6C25974FFB006595EA /* Preview Content */ = {
			isa = PBXGroup;
			children = (
				69202D6D25974FFB006595EA /* Preview Assets.xcassets */,
			);
			path = "Preview Content";
			sourceTree = "<group>";
		};
		69202D762597527B006595EA /* Video */ = {
			isa = PBXGroup;
			children = (
				69202D81259752B0006595EA /* cheetah.mp4 */,
				69202D7D259752AF006595EA /* elephant.mp4 */,
				69202D7A259752AD006595EA /* giraffe.mp4 */,
				69202D7B259752AE006595EA /* gorilla.mp4 */,
				69202D7F259752AF006595EA /* hippo.mp4 */,
				69202D7E259752AF006595EA /* lion.mp4 */,
				69202D78259752AC006595EA /* lioness.mp4 */,
				69202D7C259752AE006595EA /* ostrich.mp4 */,
				69202D80259752B0006595EA /* rhino.mp4 */,
				69202D79259752AD006595EA /* zebra.mp4 */,
			);
			path = Video;
			sourceTree = "<group>";
		};
		69202D8D259752D1006595EA /* Data */ = {
			isa = PBXGroup;
			children = (
				69202D91259752DE006595EA /* animals.json */,
				69202D8F259752DE006595EA /* covers.json */,
				69202D90259752DE006595EA /* locations.json */,
				69202D8E259752DD006595EA /* videos.json */,
			);
			path = Data;
			sourceTree = "<group>";
		};
		69202D9A25975510006595EA /* App */ = {
			isa = PBXGroup;
			children = (
				69202D6625974FF4006595EA /* AfricaApp.swift */,
				69202D6825974FF4006595EA /* ContentView.swift */,
				69202D9C2597553A006595EA /* VideoListView.swift */,
				69202DA225975561006595EA /* GallaryView.swift */,
				69202DA925975597006595EA /* MainView.swift */,
				69202DAD2597572C006595EA /* MapView.swift */,
			);
			path = App;
			sourceTree = "<group>";
		};
		69202DB025978431006595EA /* View */ = {
			isa = PBXGroup;
			children = (
				69202DB125978441006595EA /* CoverImageView.swift */,
				694E70C52598DC440035EBFF /* AnimalListItemView.swift */,
				694E70CB2598E4AE0035EBFF /* AnimalDetailView.swift */,
				694E70CE2598E75A0035EBFF /* HeadingView.swift */,
				694E70D12598E8C00035EBFF /* InsetGalleryView.swift */,
				694E70D92598EEEA0035EBFF /* InsetFactView.swift */,
				694E70DC2598F0910035EBFF /* InsetMapView.swift */,
				694E70DF2598F3860035EBFF /* ExternalWeblinkView.swift */,
				691DD12525A3A79B00BAA393 /* VideoListItemView.swift */,
			);
			path = View;
			sourceTree = "<group>";
		};
		69202DB52597867D006595EA /* Model */ = {
			isa = PBXGroup;
			children = (
				69202DB62597869B006595EA /* CoverImageModel.swift */,
				694E70C82598DE870035EBFF /* AnimalModel.swift */,
				691DD12225A3A73200BAA393 /* VideoModel.swift */,
			);
			path = Model;
			sourceTree = "<group>";
		};
		69202DBB25978C8B006595EA /* Extension */ = {
			isa = PBXGroup;
			children = (
				69202DBC25978CB0006595EA /* CodableBundleExtension.swift */,
			);
			path = Extension;
			sourceTree = "<group>";
		};
/* End PBXGroup section */

/* Begin PBXNativeTarget section */
		69202D6225974FF4006595EA /* Africa */ = {
			isa = PBXNativeTarget;
			buildConfigurationList = 69202D7225974FFB006595EA /* Build configuration list for PBXNativeTarget "Africa" */;
			buildPhases = (
				69202D5F25974FF4006595EA /* Sources */,
				69202D6025974FF4006595EA /* Frameworks */,
				69202D6125974FF4006595EA /* Resources */,
			);
			buildRules = (
			);
			dependencies = (
			);
			name = Africa;
			productName = Africa;
			productReference = 69202D6325974FF4006595EA /* Africa.app */;
			productType = "com.apple.product-type.application";
		};
/* End PBXNativeTarget section */

/* Begin PBXProject section */
		69202D5B25974FF4006595EA /* Project object */ = {
			isa = PBXProject;
			attributes = {
				LastSwiftUpdateCheck = 1230;
				LastUpgradeCheck = 1230;
				TargetAttributes = {
					69202D6225974FF4006595EA = {
						CreatedOnToolsVersion = 12.3;
					};
				};
			};
			buildConfigurationList = 69202D5E25974FF4006595EA /* Build configuration list for PBXProject "Africa" */;
			compatibilityVersion = "Xcode 9.3";
			developmentRegion = en;
			hasScannedForEncodings = 0;
			knownRegions = (
				en,
				Base,
			);
			mainGroup = 69202D5A25974FF4006595EA;
			productRefGroup = 69202D6425974FF4006595EA /* Products */;
			projectDirPath = "";
			projectRoot = "";
			targets = (
				69202D6225974FF4006595EA /* Africa */,
			);
		};
/* End PBXProject section */

/* Begin PBXResourcesBuildPhase section */
		69202D6125974FF4006595EA /* Resources */ = {
			isa = PBXResourcesBuildPhase;
			buildActionMask = 2147483647;
			files = (
				69202D89259752B0006595EA /* hippo.mp4 in Resources */,
				69202D83259752B0006595EA /* zebra.mp4 in Resources */,
				69202D86259752B0006595EA /* ostrich.mp4 in Resources */,
				69202D6E25974FFB006595EA /* Preview Assets.xcassets in Resources */,
				69202D92259752DE006595EA /* videos.json in Resources */,
				69202D6B25974FFB006595EA /* Assets.xcassets in Resources */,
				69202D87259752B0006595EA /* elephant.mp4 in Resources */,
				69202D94259752DE006595EA /* locations.json in Resources */,
				69202D93259752DE006595EA /* covers.json in Resources */,
				69202D95259752DE006595EA /* animals.json in Resources */,
				69202D82259752B0006595EA /* lioness.mp4 in Resources */,
				69202D85259752B0006595EA /* gorilla.mp4 in Resources */,
				69202D8B259752B0006595EA /* cheetah.mp4 in Resources */,
				69202D88259752B0006595EA /* lion.mp4 in Resources */,
				69202D8A259752B0006595EA /* rhino.mp4 in Resources */,
				69202D84259752B0006595EA /* giraffe.mp4 in Resources */,
			);
			runOnlyForDeploymentPostprocessing = 0;
		};
/* End PBXResourcesBuildPhase section */

/* Begin PBXSourcesBuildPhase section */
		69202D5F25974FF4006595EA /* Sources */ = {
			isa = PBXSourcesBuildPhase;
			buildActionMask = 2147483647;
			files = (
				694E70E02598F3860035EBFF /* ExternalWeblinkView.swift in Sources */,
				69202D6925974FF4006595EA /* ContentView.swift in Sources */,
				694E70C62598DC440035EBFF /* AnimalListItemView.swift in Sources */,
				69202DAE2597572C006595EA /* MapView.swift in Sources */,
				694E70DA2598EEEA0035EBFF /* InsetFactView.swift in Sources */,
				69202DB225978441006595EA /* CoverImageView.swift in Sources */,
				69202DAA25975597006595EA /* MainView.swift in Sources */,
				694E70CC2598E4AE0035EBFF /* AnimalDetailView.swift in Sources */,
				694E70C92598DE870035EBFF /* AnimalModel.swift in Sources */,
				69202DA325975561006595EA /* GallaryView.swift in Sources */,
				694E70DD2598F0910035EBFF /* InsetMapView.swift in Sources */,
				69202DB72597869B006595EA /* CoverImageModel.swift in Sources */,
				69202D6725974FF4006595EA /* AfricaApp.swift in Sources */,
				691DD12325A3A73200BAA393 /* VideoModel.swift in Sources */,
				69202D9D2597553A006595EA /* VideoListView.swift in Sources */,
				694E70D22598E8C00035EBFF /* InsetGalleryView.swift in Sources */,
				691DD12625A3A79B00BAA393 /* VideoListItemView.swift in Sources */,
				69202DBD25978CB0006595EA /* CodableBundleExtension.swift in Sources */,
				694E70CF2598E75A0035EBFF /* HeadingView.swift in Sources */,
			);
			runOnlyForDeploymentPostprocessing = 0;
		};
/* End PBXSourcesBuildPhase section */

/* Begin XCBuildConfiguration section */
		69202D7025974FFB006595EA /* Debug */ = {
			isa = XCBuildConfiguration;
			buildSettings = {
				ALWAYS_SEARCH_USER_PATHS = NO;
				CLANG_ANALYZER_NONNULL = YES;
				CLANG_ANALYZER_NUMBER_OBJECT_CONVERSION = YES_AGGRESSIVE;
				CLANG_CXX_LANGUAGE_STANDARD = "gnu++14";
				CLANG_CXX_LIBRARY = "libc++";
				CLANG_ENABLE_MODULES = YES;
				CLANG_ENABLE_OBJC_ARC = YES;
				CLANG_ENABLE_OBJC_WEAK = YES;
				CLANG_WARN_BLOCK_CAPTURE_AUTORELEASING = YES;
				CLANG_WARN_BOOL_CONVERSION = YES;
				CLANG_WARN_COMMA = YES;
				CLANG_WARN_CONSTANT_CONVERSION = YES;
				CLANG_WARN_DEPRECATED_OBJC_IMPLEMENTATIONS = YES;
				CLANG_WARN_DIRECT_OBJC_ISA_USAGE = YES_ERROR;
				CLANG_WARN_DOCUMENTATION_COMMENTS = YES;
				CLANG_WARN_EMPTY_BODY = YES;
				CLANG_WARN_ENUM_CONVERSION = YES;
				CLANG_WARN_INFINITE_RECURSION = YES;
				CLANG_WARN_INT_CONVERSION = YES;
				CLANG_WARN_NON_LITERAL_NULL_CONVERSION = YES;
				CLANG_WARN_OBJC_IMPLICIT_RETAIN_SELF = YES;
				CLANG_WARN_OBJC_LITERAL_CONVERSION = YES;
				CLANG_WARN_OBJC_ROOT_CLASS = YES_ERROR;
				CLANG_WARN_QUOTED_INCLUDE_IN_FRAMEWORK_HEADER = YES;
				CLANG_WARN_RANGE_LOOP_ANALYSIS = YES;
				CLANG_WARN_STRICT_PROTOTYPES = YES;
				CLANG_WARN_SUSPICIOUS_MOVE = YES;
				CLANG_WARN_UNGUARDED_AVAILABILITY = YES_AGGRESSIVE;
				CLANG_WARN_UNREACHABLE_CODE = YES;
				CLANG_WARN__DUPLICATE_METHOD_MATCH = YES;
				COPY_PHASE_STRIP = NO;
				DEBUG_INFORMATION_FORMAT = dwarf;
				ENABLE_STRICT_OBJC_MSGSEND = YES;
				ENABLE_TESTABILITY = YES;
				GCC_C_LANGUAGE_STANDARD = gnu11;
				GCC_DYNAMIC_NO_PIC = NO;
				GCC_NO_COMMON_BLOCKS = YES;
				GCC_OPTIMIZATION_LEVEL = 0;
				GCC_PREPROCESSOR_DEFINITIONS = (
					"DEBUG=1",
					"$(inherited)",
				);
				GCC_WARN_64_TO_32_BIT_CONVERSION = YES;
				GCC_WARN_ABOUT_RETURN_TYPE = YES_ERROR;
				GCC_WARN_UNDECLARED_SELECTOR = YES;
				GCC_WARN_UNINITIALIZED_AUTOS = YES_AGGRESSIVE;
				GCC_WARN_UNUSED_FUNCTION = YES;
				GCC_WARN_UNUSED_VARIABLE = YES;
				IPHONEOS_DEPLOYMENT_TARGET = 14.3;
				MTL_ENABLE_DEBUG_INFO = INCLUDE_SOURCE;
				MTL_FAST_MATH = YES;
				ONLY_ACTIVE_ARCH = YES;
				SDKROOT = iphoneos;
				SWIFT_ACTIVE_COMPILATION_CONDITIONS = DEBUG;
				SWIFT_OPTIMIZATION_LEVEL = "-Onone";
			};
			name = Debug;
		};
		69202D7125974FFB006595EA /* Release */ = {
			isa = XCBuildConfiguration;
			buildSettings = {
				ALWAYS_SEARCH_USER_PATHS = NO;
				CLANG_ANALYZER_NONNULL = YES;
				CLANG_ANALYZER_NUMBER_OBJECT_CONVERSION = YES_AGGRESSIVE;
				CLANG_CXX_LANGUAGE_STANDARD = "gnu++14";
				CLANG_CXX_LIBRARY = "libc++";
				CLANG_ENABLE_MODULES = YES;
				CLANG_ENABLE_OBJC_ARC = YES;
				CLANG_ENABLE_OBJC_WEAK = YES;
				CLANG_WARN_BLOCK_CAPTURE_AUTORELEASING = YES;
				CLANG_WARN_BOOL_CONVERSION = YES;
				CLANG_WARN_COMMA = YES;
				CLANG_WARN_CONSTANT_CONVERSION = YES;
				CLANG_WARN_DEPRECATED_OBJC_IMPLEMENTATIONS = YES;
				CLANG_WARN_DIRECT_OBJC_ISA_USAGE = YES_ERROR;
				CLANG_WARN_DOCUMENTATION_COMMENTS = YES;
				CLANG_WARN_EMPTY_BODY = YES;
				CLANG_WARN_ENUM_CONVERSION = YES;
				CLANG_WARN_INFINITE_RECURSION = YES;
				CLANG_WARN_INT_CONVERSION = YES;
				CLANG_WARN_NON_LITERAL_NULL_CONVERSION = YES;
				CLANG_WARN_OBJC_IMPLICIT_RETAIN_SELF = YES;
				CLANG_WARN_OBJC_LITERAL_CONVERSION = YES;
				CLANG_WARN_OBJC_ROOT_CLASS = YES_ERROR;
				CLANG_WARN_QUOTED_INCLUDE_IN_FRAMEWORK_HEADER = YES;
				CLANG_WARN_RANGE_LOOP_ANALYSIS = YES;
				CLANG_WARN_STRICT_PROTOTYPES = YES;
				CLANG_WARN_SUSPICIOUS_MOVE = YES;
				CLANG_WARN_UNGUARDED_AVAILABILITY = YES_AGGRESSIVE;
				CLANG_WARN_UNREACHABLE_CODE = YES;
				CLANG_WARN__DUPLICATE_METHOD_MATCH = YES;
				COPY_PHASE_STRIP = NO;
				DEBUG_INFORMATION_FORMAT = "dwarf-with-dsym";
				ENABLE_NS_ASSERTIONS = NO;
				ENABLE_STRICT_OBJC_MSGSEND = YES;
				GCC_C_LANGUAGE_STANDARD = gnu11;
				GCC_NO_COMMON_BLOCKS = YES;
				GCC_WARN_64_TO_32_BIT_CONVERSION = YES;
				GCC_WARN_ABOUT_RETURN_TYPE = YES_ERROR;
				GCC_WARN_UNDECLARED_SELECTOR = YES;
				GCC_WARN_UNINITIALIZED_AUTOS = YES_AGGRESSIVE;
				GCC_WARN_UNUSED_FUNCTION = YES;
				GCC_WARN_UNUSED_VARIABLE = YES;
				IPHONEOS_DEPLOYMENT_TARGET = 14.3;
				MTL_ENABLE_DEBUG_INFO = NO;
				MTL_FAST_MATH = YES;
				SDKROOT = iphoneos;
				SWIFT_COMPILATION_MODE = wholemodule;
				SWIFT_OPTIMIZATION_LEVEL = "-O";
				VALIDATE_PRODUCT = YES;
			};
			name = Release;
		};
		69202D7325974FFB006595EA /* Debug */ = {
			isa = XCBuildConfiguration;
			buildSettings = {
				ASSETCATALOG_COMPILER_APPICON_NAME = AppIcon;
				ASSETCATALOG_COMPILER_GLOBAL_ACCENT_COLOR_NAME = AccentColor;
				CODE_SIGN_STYLE = Automatic;
				DEVELOPMENT_ASSET_PATHS = "\"Africa/Preview Content\"";
				DEVELOPMENT_TEAM = YA7Q2E8U8D;
				ENABLE_PREVIEWS = YES;
				INFOPLIST_FILE = Africa/Info.plist;
				IPHONEOS_DEPLOYMENT_TARGET = 14.0;
				LD_RUNPATH_SEARCH_PATHS = (
					"$(inherited)",
					"@executable_path/Frameworks",
				);
				PRODUCT_BUNDLE_IDENTIFIER = com.samorgill.Africa;
				PRODUCT_NAME = "$(TARGET_NAME)";
				SWIFT_VERSION = 5.0;
				TARGETED_DEVICE_FAMILY = "1,2";
			};
			name = Debug;
		};
		69202D7425974FFB006595EA /* Release */ = {
			isa = XCBuildConfiguration;
			buildSettings = {
				ASSETCATALOG_COMPILER_APPICON_NAME = AppIcon;
				ASSETCATALOG_COMPILER_GLOBAL_ACCENT_COLOR_NAME = AccentColor;
				CODE_SIGN_STYLE = Automatic;
				DEVELOPMENT_ASSET_PATHS = "\"Africa/Preview Content\"";
				DEVELOPMENT_TEAM = YA7Q2E8U8D;
				ENABLE_PREVIEWS = YES;
				INFOPLIST_FILE = Africa/Info.plist;
				IPHONEOS_DEPLOYMENT_TARGET = 14.0;
				LD_RUNPATH_SEARCH_PATHS = (
					"$(inherited)",
					"@executable_path/Frameworks",
				);
				PRODUCT_BUNDLE_IDENTIFIER = com.samorgill.Africa;
				PRODUCT_NAME = "$(TARGET_NAME)";
				SWIFT_VERSION = 5.0;
				TARGETED_DEVICE_FAMILY = "1,2";
			};
			name = Release;
		};
/* End XCBuildConfiguration section */

/* Begin XCConfigurationList section */
		69202D5E25974FF4006595EA /* Build configuration list for PBXProject "Africa" */ = {
			isa = XCConfigurationList;
			buildConfigurations = (
				69202D7025974FFB006595EA /* Debug */,
				69202D7125974FFB006595EA /* Release */,
			);
			defaultConfigurationIsVisible = 0;
			defaultConfigurationName = Release;
		};
		69202D7225974FFB006595EA /* Build configuration list for PBXNativeTarget "Africa" */ = {
			isa = XCConfigurationList;
			buildConfigurations = (
				69202D7325974FFB006595EA /* Debug */,
				69202D7425974FFB006595EA /* Release */,
			);
			defaultConfigurationIsVisible = 0;
			defaultConfigurationName = Release;
		};
/* End XCConfigurationList section */
	};
	rootObject = 69202D5B25974FF4006595EA /* Project object */;
}
